
Microsoft Visual Studio Solution File, Format Version 12.00
# Visual Studio Version 16
VisualStudioVersion = 16.0.29102.190
MinimumVisualStudioVersion = 10.0.40219.1
Project("{FAE04EC0-301F-11D3-BF4B-00C04F79EFBC}") = "PotionSeller", "PotionSeller\PotionSeller.csproj", "{44FC12E8-9462-4410-B472-E0709C332905}"
EndProject
Project("{FAE04EC0-301F-11D3-BF4B-00C04F79EFBC}") = "PotionSeller2", "PotionSeller2\PotionSeller2.csproj", "{4BF25BF5-C07C-4B4B-849B-193F6327FE66}"
EndProject
Project("{FAE04EC0-301F-11D3-BF4B-00C04F79EFBC}") = "PotionSeller3", "PotionSeller3\PotionSeller3.csproj", "{ABE7DDA5-66D3-4108-AC03-B444374E247C}"
EndProject
Project("{FAE04EC0-301F-11D3-BF4B-00C04F79EFBC}") = "SkyrimAlchemy", "SkyrimAlchemy\SkyrimAlchemy.csproj", "{4F3577BC-5933-414B-9E06-EE0148049B25}"
EndProject
Project("{FAE04EC0-301F-11D3-BF4B-00C04F79EFBC}") = "ConsoleApp1", "ConsoleApp1\ConsoleApp1.csproj", "{76C98ECE-6E06-4AF5-8338-174D410ECB3F}"
EndProject
Project("{FAE04EC0-301F-11D3-BF4B-00C04F79EFBC}") = "SkyrimAlchemy2", "SkyrimAlchemy2\SkyrimAlchemy2.csproj", "{58074F37-4397-4C7F-A0BD-BA80908880C9}"
EndProject
Project("{FAE04EC0-301F-11D3-BF4B-00C04F79EFBC}") = "SkyrimPotionWindow", "SkyrimPotionWindow\SkyrimPotionWindow.csproj", "{6E13900F-9403-48D2-86AD-F4FA729F7EF1}"
EndProject
Global
	GlobalSection(SolutionConfigurationPlatforms) = preSolution
		Debug|Any CPU = Debug|Any CPU
		Release|Any CPU = Release|Any CPU
	EndGlobalSection
	GlobalSection(ProjectConfigurationPlatforms) = postSolution
		{44FC12E8-9462-4410-B472-E0709C332905}.Debug|Any CPU.ActiveCfg = Debug|Any CPU
		{44FC12E8-9462-4410-B472-E0709C332905}.Debug|Any CPU.Build.0 = Debug|Any CPU
		{44FC12E8-9462-4410-B472-E0709C332905}.Release|Any CPU.ActiveCfg = Release|Any CPU
		{44FC12E8-9462-4410-B472-E0709C332905}.Release|Any CPU.Build.0 = Release|Any CPU
		{4BF25BF5-C07C-4B4B-849B-193F6327FE66}.Debug|Any CPU.ActiveCfg = Debug|Any CPU
		{4BF25BF5-C07C-4B4B-849B-193F6327FE66}.Debug|Any CPU.Build.0 = Debug|Any CPU
		{4BF25BF5-C07C-4B4B-849B-193F6327FE66}.Release|Any CPU.ActiveCfg = Release|Any CPU
		{4BF25BF5-C07C-4B4B-849B-193F6327FE66}.Release|Any CPU.Build.0 = Release|Any CPU
		{ABE7DDA5-66D3-4108-AC03-B444374E247C}.Debug|Any CPU.ActiveCfg = Debug|Any CPU
		{ABE7DDA5-66D3-4108-AC03-B444374E247C}.Debug|Any CPU.Build.0 = Debug|Any CPU
		{ABE7DDA5-66D3-4108-AC03-B444374E247C}.Release|Any CPU.ActiveCfg = Release|Any CPU
		{ABE7DDA5-66D3-4108-AC03-B444374E247C}.Release|Any CPU.Build.0 = Release|Any CPU
		{4F3577BC-5933-414B-9E06-EE0148049B25}.Debug|Any CPU.ActiveCfg = Debug|Any CPU
		{4F3577BC-5933-414B-9E06-EE0148049B25}.Debug|Any CPU.Build.0 = Debug|Any CPU
		{4F3577BC-5933-414B-9E06-EE0148049B25}.Release|Any CPU.ActiveCfg = Release|Any CPU
		{4F3577BC-5933-414B-9E06-EE0148049B25}.Release|Any CPU.Build.0 = Release|Any CPU
		{76C98ECE-6E06-4AF5-8338-174D410ECB3F}.Debug|Any CPU.ActiveCfg = Debug|Any CPU
		{76C98ECE-6E06-4AF5-8338-174D410ECB3F}.Debug|Any CPU.Build.0 = Debug|Any CPU
		{76C98ECE-6E06-4AF5-8338-174D410ECB3F}.Release|Any CPU.ActiveCfg = Release|Any CPU
		{76C98ECE-6E06-4AF5-8338-174D410ECB3F}.Release|Any CPU.Build.0 = Release|Any CPU
		{58074F37-4397-4C7F-A0BD-BA80908880C9}.Debug|Any CPU.ActiveCfg = Debug|Any CPU
		{58074F37-4397-4C7F-A0BD-BA80908880C9}.Debug|Any CPU.Build.0 = Debug|Any CPU
		{58074F37-4397-4C7F-A0BD-BA80908880C9}.Release|Any CPU.ActiveCfg = Release|Any CPU
		{58074F37-4397-4C7F-A0BD-BA80908880C9}.Release|Any CPU.Build.0 = Release|Any CPU
		{6E13900F-9403-48D2-86AD-F4FA729F7EF1}.Debug|Any CPU.ActiveCfg = Debug|Any CPU
		{6E13900F-9403-48D2-86AD-F4FA729F7EF1}.Debug|Any CPU.Build.0 = Debug|Any CPU
		{6E13900F-9403-48D2-86AD-F4FA729F7EF1}.Release|Any CPU.ActiveCfg = Release|Any CPU
		{6E13900F-9403-48D2-86AD-F4FA729F7EF1}.Release|Any CPU.Build.0 = Release|Any CPU
	EndGlobalSection
	GlobalSection(SolutionProperties) = preSolution
		HideSolutionNode = FALSE
	EndGlobalSection
	GlobalSection(ExtensibilityGlobals) = postSolution
		SolutionGuid = {4D11A3C1-D3E1-492D-8F5B-0250462DA011}
	EndGlobalSection
EndGlobal
